
Microsoft Visual Studio Solution File, Format Version 12.00
# Visual Studio Version 17
VisualStudioVersion = 17.8.34330.188
MinimumVisualStudioVersion = 10.0.40219.1
Project("{9A19103F-16F7-4668-BE54-9A1E7A4F7556}") = "PowerPlant", "PowerPlant.Api\PowerPlant.csproj", "{6A074618-35D3-47EA-8B5F-E159004F4274}"
EndProject
Project("{FAE04EC0-301F-11D3-BF4B-00C04F79EFBC}") = "PowerPlantTests", "PowerPlant.Tests\PowerPlantTests.csproj", "{05A20400-6EEB-4420-B6BD-FF9EF66455DA}"
EndProject
Global
	GlobalSection(SolutionConfigurationPlatforms) = preSolution
		Debug|Any CPU = Debug|Any CPU
		Release|Any CPU = Release|Any CPU
	EndGlobalSection
	GlobalSection(ProjectConfigurationPlatforms) = postSolution
		{6A074618-35D3-47EA-8B5F-E159004F4274}.Debug|Any CPU.ActiveCfg = Debug|Any CPU
		{6A074618-35D3-47EA-8B5F-E159004F4274}.Debug|Any CPU.Build.0 = Debug|Any CPU
		{6A074618-35D3-47EA-8B5F-E159004F4274}.Release|Any CPU.ActiveCfg = Release|Any CPU
		{6A074618-35D3-47EA-8B5F-E159004F4274}.Release|Any CPU.Build.0 = Release|Any CPU
		{05A20400-6EEB-4420-B6BD-FF9EF66455DA}.Debug|Any CPU.ActiveCfg = Debug|Any CPU
		{05A20400-6EEB-4420-B6BD-FF9EF66455DA}.Debug|Any CPU.Build.0 = Debug|Any CPU
		{05A20400-6EEB-4420-B6BD-FF9EF66455DA}.Release|Any CPU.ActiveCfg = Release|Any CPU
		{05A20400-6EEB-4420-B6BD-FF9EF66455DA}.Release|Any CPU.Build.0 = Release|Any CPU
	EndGlobalSection
	GlobalSection(SolutionProperties) = preSolution
		HideSolutionNode = FALSE
	EndGlobalSection
	GlobalSection(ExtensibilityGlobals) = postSolution
		SolutionGuid = {E1247B5A-6745-489F-9B29-0CCC8A7D5A6D}
	EndGlobalSection
EndGlobal
